
Microsoft Visual Studio Solution File, Format Version 12.00
# Visual Studio Version 16
VisualStudioVersion = 16.0.30907.101
MinimumVisualStudioVersion = 10.0.40219.1
Project("{9A19103F-16F7-4668-BE54-9A1E7A4F7556}") = "KampIntro", "KampIntro\KampIntro.csproj", "{50FE80CC-C0F1-4B7C-A00F-F9C41FEF01FE}"
EndProject
Project("{9A19103F-16F7-4668-BE54-9A1E7A4F7556}") = "Donguler", "Donguler\Donguler.csproj", "{25687A92-DF11-4F7A-8EF5-CBBE6776C00F}"
EndProject
Project("{9A19103F-16F7-4668-BE54-9A1E7A4F7556}") = "ClassIntro", "ClassIntro\ClassIntro.csproj", "{B849F467-9049-4153-BC0A-2EB39CB201B9}"
EndProject
Project("{9A19103F-16F7-4668-BE54-9A1E7A4F7556}") = "Metotlar", "Metotlar\Metotlar.csproj", "{08C8F501-73A5-4632-BFF6-CA9770D775A3}"
EndProject
Project("{9A19103F-16F7-4668-BE54-9A1E7A4F7556}") = "Matematik", "Matematik\Matematik.csproj", "{349574E5-2284-4BD5-9E43-716225B00336}"
EndProject
Project("{9A19103F-16F7-4668-BE54-9A1E7A4F7556}") = "DegerVeReferansTipler", "DegerVeReferansTipler\DegerVeReferansTipler.csproj", "{10BFD7CB-BF8C-4293-841E-C9EB373E3B1E}"
EndProject
Project("{9A19103F-16F7-4668-BE54-9A1E7A4F7556}") = "OOP1", "OOP1\OOP1.csproj", "{EFA9EE43-21F0-47DB-A7AD-A6D80FCE7C01}"
EndProject
Project("{9A19103F-16F7-4668-BE54-9A1E7A4F7556}") = "Collections", "Collections\Collections.csproj", "{80792095-1422-4996-9F5B-6E0CD9461744}"
EndProject
Project("{9A19103F-16F7-4668-BE54-9A1E7A4F7556}") = "GenericsIntro", "GenericsIntro\GenericsIntro.csproj", "{85F502C4-2BE5-411A-B7A9-8B66D8C9AEAC}"
EndProject
Project("{9A19103F-16F7-4668-BE54-9A1E7A4F7556}") = "Oop2", "Oop2\Oop2.csproj", "{B46E94E0-0ABB-4428-96D0-3F9274541CBD}"
EndProject
Project("{FAE04EC0-301F-11D3-BF4B-00C04F79EFBC}") = "OOP3", "OOP3\OOP3.csproj", "{946B85F7-540F-414E-8B1D-4DA1469C1D90}"
EndProject
Global
	GlobalSection(SolutionConfigurationPlatforms) = preSolution
		Debug|Any CPU = Debug|Any CPU
		Release|Any CPU = Release|Any CPU
	EndGlobalSection
	GlobalSection(ProjectConfigurationPlatforms) = postSolution
		{50FE80CC-C0F1-4B7C-A00F-F9C41FEF01FE}.Debug|Any CPU.ActiveCfg = Debug|Any CPU
		{50FE80CC-C0F1-4B7C-A00F-F9C41FEF01FE}.Debug|Any CPU.Build.0 = Debug|Any CPU
		{50FE80CC-C0F1-4B7C-A00F-F9C41FEF01FE}.Release|Any CPU.ActiveCfg = Release|Any CPU
		{50FE80CC-C0F1-4B7C-A00F-F9C41FEF01FE}.Release|Any CPU.Build.0 = Release|Any CPU
		{25687A92-DF11-4F7A-8EF5-CBBE6776C00F}.Debug|Any CPU.ActiveCfg = Debug|Any CPU
		{25687A92-DF11-4F7A-8EF5-CBBE6776C00F}.Debug|Any CPU.Build.0 = Debug|Any CPU
		{25687A92-DF11-4F7A-8EF5-CBBE6776C00F}.Release|Any CPU.ActiveCfg = Release|Any CPU
		{25687A92-DF11-4F7A-8EF5-CBBE6776C00F}.Release|Any CPU.Build.0 = Release|Any CPU
		{B849F467-9049-4153-BC0A-2EB39CB201B9}.Debug|Any CPU.ActiveCfg = Debug|Any CPU
		{B849F467-9049-4153-BC0A-2EB39CB201B9}.Debug|Any CPU.Build.0 = Debug|Any CPU
		{B849F467-9049-4153-BC0A-2EB39CB201B9}.Release|Any CPU.ActiveCfg = Release|Any CPU
		{B849F467-9049-4153-BC0A-2EB39CB201B9}.Release|Any CPU.Build.0 = Release|Any CPU
		{08C8F501-73A5-4632-BFF6-CA9770D775A3}.Debug|Any CPU.ActiveCfg = Debug|Any CPU
		{08C8F501-73A5-4632-BFF6-CA9770D775A3}.Debug|Any CPU.Build.0 = Debug|Any CPU
		{08C8F501-73A5-4632-BFF6-CA9770D775A3}.Release|Any CPU.ActiveCfg = Release|Any CPU
		{08C8F501-73A5-4632-BFF6-CA9770D775A3}.Release|Any CPU.Build.0 = Release|Any CPU
		{349574E5-2284-4BD5-9E43-716225B00336}.Debug|Any CPU.ActiveCfg = Debug|Any CPU
		{349574E5-2284-4BD5-9E43-716225B00336}.Debug|Any CPU.Build.0 = Debug|Any CPU
		{349574E5-2284-4BD5-9E43-716225B00336}.Release|Any CPU.ActiveCfg = Release|Any CPU
		{349574E5-2284-4BD5-9E43-716225B00336}.Release|Any CPU.Build.0 = Release|Any CPU
		{10BFD7CB-BF8C-4293-841E-C9EB373E3B1E}.Debug|Any CPU.ActiveCfg = Debug|Any CPU
		{10BFD7CB-BF8C-4293-841E-C9EB373E3B1E}.Debug|Any CPU.Build.0 = Debug|Any CPU
		{10BFD7CB-BF8C-4293-841E-C9EB373E3B1E}.Release|Any CPU.ActiveCfg = Release|Any CPU
		{10BFD7CB-BF8C-4293-841E-C9EB373E3B1E}.Release|Any CPU.Build.0 = Release|Any CPU
		{EFA9EE43-21F0-47DB-A7AD-A6D80FCE7C01}.Debug|Any CPU.ActiveCfg = Debug|Any CPU
		{EFA9EE43-21F0-47DB-A7AD-A6D80FCE7C01}.Debug|Any CPU.Build.0 = Debug|Any CPU
		{EFA9EE43-21F0-47DB-A7AD-A6D80FCE7C01}.Release|Any CPU.ActiveCfg = Release|Any CPU
		{EFA9EE43-21F0-47DB-A7AD-A6D80FCE7C01}.Release|Any CPU.Build.0 = Release|Any CPU
		{80792095-1422-4996-9F5B-6E0CD9461744}.Debug|Any CPU.ActiveCfg = Debug|Any CPU
		{80792095-1422-4996-9F5B-6E0CD9461744}.Debug|Any CPU.Build.0 = Debug|Any CPU
		{80792095-1422-4996-9F5B-6E0CD9461744}.Release|Any CPU.ActiveCfg = Release|Any CPU
		{80792095-1422-4996-9F5B-6E0CD9461744}.Release|Any CPU.Build.0 = Release|Any CPU
		{85F502C4-2BE5-411A-B7A9-8B66D8C9AEAC}.Debug|Any CPU.ActiveCfg = Debug|Any CPU
		{85F502C4-2BE5-411A-B7A9-8B66D8C9AEAC}.Debug|Any CPU.Build.0 = Debug|Any CPU
		{85F502C4-2BE5-411A-B7A9-8B66D8C9AEAC}.Release|Any CPU.ActiveCfg = Release|Any CPU
		{85F502C4-2BE5-411A-B7A9-8B66D8C9AEAC}.Release|Any CPU.Build.0 = Release|Any CPU
		{B46E94E0-0ABB-4428-96D0-3F9274541CBD}.Debug|Any CPU.ActiveCfg = Debug|Any CPU
		{B46E94E0-0ABB-4428-96D0-3F9274541CBD}.Debug|Any CPU.Build.0 = Debug|Any CPU
		{B46E94E0-0ABB-4428-96D0-3F9274541CBD}.Release|Any CPU.ActiveCfg = Release|Any CPU
		{B46E94E0-0ABB-4428-96D0-3F9274541CBD}.Release|Any CPU.Build.0 = Release|Any CPU
		{946B85F7-540F-414E-8B1D-4DA1469C1D90}.Debug|Any CPU.ActiveCfg = Debug|Any CPU
		{946B85F7-540F-414E-8B1D-4DA1469C1D90}.Debug|Any CPU.Build.0 = Debug|Any CPU
		{946B85F7-540F-414E-8B1D-4DA1469C1D90}.Release|Any CPU.ActiveCfg = Release|Any CPU
		{946B85F7-540F-414E-8B1D-4DA1469C1D90}.Release|Any CPU.Build.0 = Release|Any CPU
	EndGlobalSection
	GlobalSection(SolutionProperties) = preSolution
		HideSolutionNode = FALSE
	EndGlobalSection
	GlobalSection(ExtensibilityGlobals) = postSolution
		SolutionGuid = {3069B1D8-DA36-46CF-8ECC-0B24F081BDDC}
	EndGlobalSection
EndGlobal
